<?xml version="1.0" encoding="utf-8"?>
<Project ToolsVersion="4.0" xmlns="http://schemas.microsoft.com/developer/msbuild/2003">
  <ItemGroup>
    <Filter Include="Source Files">
      <UniqueIdentifier>{4FC737F1-C7A5-4376-A066-2A32D752A2FF}</UniqueIdentifier>
      <Extensions>cpp;c;cc;cxx;def;odl;idl;hpj;bat;asm;asmx</Extensions>
    </Filter>
    <Filter Include="Header Files">
      <UniqueIdentifier>{93995380-89BD-4b04-88EB-625FBE52EBFB}</UniqueIdentifier>
      <Extensions>h;hpp;hxx;hm;inl;inc;xsd</Extensions>
    </Filter>
    <Filter Include="Resource Files">
      <UniqueIdentifier>{67DA6AB6-F800-4c08-8B7A-83BB121AAD01}</UniqueIdentifier>
      <Extensions>rc;ico;cur;bmp;dlg;rc2;rct;bin;rgs;gif;jpg;jpeg;jpe;resx;tiff;tif;png;wav</Extensions>
    </Filter>
    <Filter Include="Header Files\load">
      <UniqueIdentifier>{6cef3eca-d153-4686-9c12-eddd40ea48a3}</UniqueIdentifier>
    </Filter>
    <Filter Include="Source Files\load">
      <UniqueIdentifier>{55b3cd00-f858-47a8-916a-fb6e48920c7e}</UniqueIdentifier>
    </Filter>
    <Filter Include="Source Files\code">
      <UniqueIdentifier>{0ddd2875-cf02-40b7-afe7-a8a55d19b0d2}</UniqueIdentifier>
    </Filter>
    <Filter Include="Header Files\interfaces">
      <UniqueIdentifier>{f7586e04-097f-4649-b9f0-410b3a2dfa04}</UniqueIdentifier>
    </Filter>
    <Filter Include="Header Files\communication">
      <UniqueIdentifier>{0f2136a1-cf01-4587-b2f0-14058ac95b24}</UniqueIdentifier>
    </Filter>
    <Filter Include="Header Files\code">
      <UniqueIdentifier>{9fcd0b90-87fa-4f30-987a-1502d9639985}</UniqueIdentifier>
    </Filter>
    <Filter Include="Header Files\code\vertices">
      <UniqueIdentifier>{1650d960-4a75-4761-a5c0-75e7caee01b3}</UniqueIdentifier>
    </Filter>
    <Filter Include="Header Files\code\vertices\comp">
      <UniqueIdentifier>{f41cf210-f736-4ad9-b7c7-d760065f52f6}</UniqueIdentifier>
    </Filter>
    <Filter Include="Header Files\data">
      <UniqueIdentifier>{ae35932c-d8d5-40d3-8103-6eac27c01b6e}</UniqueIdentifier>
    </Filter>
    <Filter Include="Header Files\execution">
      <UniqueIdentifier>{02c3c5a3-3897-4ebe-a10a-c5c58ab66d18}</UniqueIdentifier>
    </Filter>
    <Filter Include="Header Files\main">
      <UniqueIdentifier>{94bae3c5-e49a-4180-8c34-3a6dfc0d125e}</UniqueIdentifier>
    </Filter>
    <Filter Include="Header Files\base">
      <UniqueIdentifier>{5731ed76-51d4-48ae-80c2-1fd0237b4415}</UniqueIdentifier>
    </Filter>
    <Filter Include="Source Files\base">
      <UniqueIdentifier>{c2b28b05-4f0a-4dbd-9ccf-3d75fa2e9748}</UniqueIdentifier>
    </Filter>
    <Filter Include="Header Files\code\objects">
      <UniqueIdentifier>{78783d10-60ae-4a47-b900-f58ec4ba1691}</UniqueIdentifier>
    </Filter>
    <Filter Include="Source Files\communication">
      <UniqueIdentifier>{871fd7d0-babd-40fe-9d00-5b6a377fbfb5}</UniqueIdentifier>
    </Filter>
    <Filter Include="Source Files\execution">
      <UniqueIdentifier>{574ec10a-27ff-4e98-a4ae-f38b7b3867bf}</UniqueIdentifier>
    </Filter>
    <Filter Include="Header Files\task">
      <UniqueIdentifier>{082722a9-2cae-4582-8d0a-14f6c9c51258}</UniqueIdentifier>
    </Filter>
    <Filter Include="Header Files\task\tasks">
      <UniqueIdentifier>{71f03676-793d-41af-8b01-e36c877d9713}</UniqueIdentifier>
    </Filter>
    <Filter Include="Header Files\interfaces\listeners">
      <UniqueIdentifier>{632089ad-1c2e-4c0f-885a-6fa6b5ffce55}</UniqueIdentifier>
    </Filter>
    <Filter Include="Source Files\task">
      <UniqueIdentifier>{7512fce7-91ca-4444-bdc2-64fb1c567732}</UniqueIdentifier>
    </Filter>
    <Filter Include="Source Files\main">
      <UniqueIdentifier>{5ba04711-3236-4dca-b77a-4f22eb69322c}</UniqueIdentifier>
    </Filter>
    <Filter Include="Header Files\tests">
      <UniqueIdentifier>{14687115-937b-486f-a13d-5f95f078e678}</UniqueIdentifier>
    </Filter>
    <Filter Include="Header Files\data\objects">
      <UniqueIdentifier>{0a248ae9-1f01-4a98-9c20-8772def21011}</UniqueIdentifier>
    </Filter>
    <Filter Include="Source Files\tests">
      <UniqueIdentifier>{f5d458bb-3911-46d3-a666-3ea051c4d278}</UniqueIdentifier>
    </Filter>
    <Filter Include="Source Files\tests\test1">
      <UniqueIdentifier>{de46a84c-d641-48d3-baaf-ba0886b4e260}</UniqueIdentifier>
    </Filter>
    <Filter Include="Header Files\tests\test1">
      <UniqueIdentifier>{2376c02a-2d0d-4f27-abfc-fc03dd344205}</UniqueIdentifier>
    </Filter>
    <Filter Include="Header Files\tests\pic">
      <UniqueIdentifier>{16586260-eeb5-4e1e-a699-f109823f0d76}</UniqueIdentifier>
    </Filter>
    <Filter Include="Source Files\data">
      <UniqueIdentifier>{8415e997-5592-41b6-8d08-f2cfe68ed161}</UniqueIdentifier>
    </Filter>
    <Filter Include="Header Files\code\expr">
      <UniqueIdentifier>{7c572f51-7636-4211-921f-964b060876d4}</UniqueIdentifier>
    </Filter>
  </ItemGroup>
  <ItemGroup>
    <ClCompile Include="main.cpp">
      <Filter>Source Files</Filter>
    </ClCompile>
    <ClCompile Include="buffer.cpp">
      <Filter>Source Files\communication</Filter>
    </ClCompile>
    <ClCompile Include="commsystem.cpp">
      <Filter>Source Files\communication</Filter>
    </ClCompile>
    <ClCompile Include="message.cpp">
      <Filter>Source Files\communication</Filter>
    </ClCompile>
    <ClCompile Include="messagestorage.cpp">
      <Filter>Source Files\communication</Filter>
    </ClCompile>
    <ClCompile Include="messagesystem.cpp">
      <Filter>Source Files\communication</Filter>
    </ClCompile>
    <ClCompile Include="mpicomm.cpp">
      <Filter>Source Files\communication</Filter>
    </ClCompile>
    <ClCompile Include="rwbuffer.cpp">
      <Filter>Source Files\communication</Filter>
    </ClCompile>
    <ClCompile Include="topology.cpp">
      <Filter>Source Files\communication</Filter>
    </ClCompile>
    <ClCompile Include="loadcollector.cpp">
      <Filter>Source Files\load</Filter>
    </ClCompile>
    <ClCompile Include="loadlogger.cpp">
      <Filter>Source Files\load</Filter>
    </ClCompile>
    <ClCompile Include="idgen.cpp">
      <Filter>Source Files\base</Filter>
    </ClCompile>
    <ClCompile Include="execsystem.cpp">
      <Filter>Source Files\execution</Filter>
    </ClCompile>
    <ClCompile Include="taskexecutor.cpp">
      <Filter>Source Files\execution</Filter>
    </ClCompile>
    <ClCompile Include="taskenvironment.cpp">
      <Filter>Source Files\task</Filter>
    </ClCompile>
    <ClCompile Include="execthreadpool.cpp">
      <Filter>Source Files\execution</Filter>
    </ClCompile>
    <ClCompile Include="task.cpp">
      <Filter>Source Files\task</Filter>
    </ClCompile>
    <ClCompile Include="codeobject.cpp">
      <Filter>Source Files\code</Filter>
    </ClCompile>
    <ClCompile Include="taskprocessor.cpp">
      <Filter>Source Files\execution</Filter>
    </ClCompile>
    <ClCompile Include="taskmanager.cpp">
      <Filter>Source Files\execution</Filter>
    </ClCompile>
    <ClCompile Include="codelibrary.cpp">
      <Filter>Source Files\code</Filter>
    </ClCompile>
    <ClCompile Include="test1.cpp">
      <Filter>Source Files\tests\test1</Filter>
    </ClCompile>
    <ClCompile Include="codetree.cpp">
      <Filter>Source Files\code</Filter>
    </ClCompile>
    <ClCompile Include="datablock.cpp">
      <Filter>Source Files\data</Filter>
    </ClCompile>
    <ClCompile Include="compvertex.cpp">
      <Filter>Source Files\code</Filter>
    </ClCompile>
    <ClCompile Include="rage.cpp">
      <Filter>Source Files\main</Filter>
    </ClCompile>
  </ItemGroup>
  <ItemGroup>
    <ClInclude Include="buffer.h">
      <Filter>Header Files\communication</Filter>
    </ClInclude>
    <ClInclude Include="codelibrary.h">
      <Filter>Header Files\code</Filter>
    </ClInclude>
    <ClInclude Include="commsystem.h">
      <Filter>Header Files\communication</Filter>
    </ClInclude>
    <ClInclude Include="messagestorage.h">
      <Filter>Header Files\communication</Filter>
    </ClInclude>
    <ClInclude Include="messagesystem.h">
      <Filter>Header Files\communication</Filter>
    </ClInclude>
    <ClInclude Include="message.h">
      <Filter>Header Files\communication</Filter>
    </ClInclude>
    <ClInclude Include="mpicomm.h">
      <Filter>Header Files\communication</Filter>
    </ClInclude>
    <ClInclude Include="rwbuffer.h">
      <Filter>Header Files\communication</Filter>
    </ClInclude>
    <ClInclude Include="multmm.h">
      <Filter>Header Files\tests</Filter>
    </ClInclude>
    <ClInclude Include="topology.h">
      <Filter>Header Files\communication</Filter>
    </ClInclude>
    <ClInclude Include="timer.h">
      <Filter>Header Files</Filter>
    </ClInclude>
    <ClInclude Include="loadcollector.h">
      <Filter>Header Files\load</Filter>
    </ClInclude>
    <ClInclude Include="loadlogger.h">
      <Filter>Header Files\load</Filter>
    </ClInclude>
    <ClInclude Include="code.h">
      <Filter>Header Files\code</Filter>
    </ClInclude>
    <ClInclude Include="blockvertex.h">
      <Filter>Header Files\code\vertices\comp</Filter>
    </ClInclude>
    <ClInclude Include="condvertex.h">
      <Filter>Header Files\code\vertices\comp</Filter>
    </ClInclude>
    <ClInclude Include="indexedvertex.h">
      <Filter>Header Files\code\vertices\comp</Filter>
    </ClInclude>
    <ClInclude Include="whilevertex.h">
      <Filter>Header Files\code\vertices\comp</Filter>
    </ClInclude>
    <ClInclude Include="compvertex.h">
      <Filter>Header Files\code\vertices</Filter>
    </ClInclude>
    <ClInclude Include="datavertex.h">
      <Filter>Header Files\code\vertices</Filter>
    </ClInclude>
    <ClInclude Include="task.h">
      <Filter>Header Files\task</Filter>
    </ClInclude>
    <ClInclude Include="codetree.h">
      <Filter>Header Files\code</Filter>
    </ClInclude>
    <ClInclude Include="codevertex.h">
      <Filter>Header Files\code\vertices</Filter>
    </ClInclude>
    <ClInclude Include="dataobject.h">
      <Filter>Header Files\data</Filter>
    </ClInclude>
    <ClInclude Include="tasks.h">
      <Filter>Header Files\task</Filter>
    </ClInclude>
    <ClInclude Include="idgen.h">
      <Filter>Header Files\base</Filter>
    </ClInclude>
    <ClInclude Include="codeobject.h">
      <Filter>Header Files\code\objects</Filter>
    </ClInclude>
    <ClInclude Include="atomiccodeobject.h">
      <Filter>Header Files\code\objects</Filter>
    </ClInclude>
    <ClInclude Include="structuredcodeobject.h">
      <Filter>Header Files\code\objects</Filter>
    </ClInclude>
    <ClInclude Include="execsystem.h">
      <Filter>Header Files\execution</Filter>
    </ClInclude>
    <ClInclude Include="atomictask.h">
      <Filter>Header Files\task\tasks</Filter>
    </ClInclude>
    <ClInclude Include="rangedtask.h">
      <Filter>Header Files\task\tasks</Filter>
    </ClInclude>
    <ClInclude Include="icommunicator.h">
      <Filter>Header Files\interfaces</Filter>
    </ClInclude>
    <ClInclude Include="itaskexecutor.h">
      <Filter>Header Files\interfaces</Filter>
    </ClInclude>
    <ClInclude Include="taskexecutor.h">
      <Filter>Header Files\execution</Filter>
    </ClInclude>
    <ClInclude Include="itaskdistributor.h">
      <Filter>Header Files\interfaces</Filter>
    </ClInclude>
    <ClInclude Include="itaskscheduler.h">
      <Filter>Header Files\interfaces</Filter>
    </ClInclude>
    <ClInclude Include="itaskmanager.h">
      <Filter>Header Files\interfaces</Filter>
    </ClInclude>
    <ClInclude Include="icommsystem.h">
      <Filter>Header Files\interfaces</Filter>
    </ClInclude>
    <ClInclude Include="icommlistener.h">
      <Filter>Header Files\interfaces\listeners</Filter>
    </ClInclude>
    <ClInclude Include="iserializable.h">
      <Filter>Header Files\interfaces</Filter>
    </ClInclude>
    <ClInclude Include="taskmanager.h">
      <Filter>Header Files\execution</Filter>
    </ClInclude>
    <ClInclude Include="execthreadpool.h">
      <Filter>Header Files\execution</Filter>
    </ClInclude>
    <ClInclude Include="types.h">
      <Filter>Header Files\base</Filter>
    </ClInclude>
    <ClInclude Include="datablock.h">
      <Filter>Header Files\data\objects</Filter>
    </ClInclude>
    <ClInclude Include="taskenvironment.h">
      <Filter>Header Files\task</Filter>
    </ClInclude>
    <ClInclude Include="callvertex.h">
      <Filter>Header Files\code\vertices\comp</Filter>
    </ClInclude>
    <ClInclude Include="taskprocessor.h">
      <Filter>Header Files\execution</Filter>
    </ClInclude>
    <ClInclude Include="taskscheduler.h">
      <Filter>Header Files\execution</Filter>
    </ClInclude>
    <ClInclude Include="codeargs.h">
      <Filter>Header Files\code</Filter>
    </ClInclude>
    <ClInclude Include="exception.h">
      <Filter>Header Files\base</Filter>
    </ClInclude>
    <ClInclude Include="test1.h">
      <Filter>Header Files\tests\test1</Filter>
    </ClInclude>
    <ClInclude Include="pic.h">
      <Filter>Header Files\tests\pic</Filter>
    </ClInclude>
    <ClInclude Include="itaskexecutorservice.h">
      <Filter>Header Files\interfaces</Filter>
    </ClInclude>
    <ClInclude Include="itaskmanagerservice.h">
      <Filter>Header Files\interfaces</Filter>
    </ClInclude>
    <ClInclude Include="data.h">
      <Filter>Header Files\data</Filter>
    </ClInclude>
    <ClInclude Include="itasklistener.h">
      <Filter>Header Files\interfaces\listeners</Filter>
    </ClInclude>
    <ClInclude Include="rage.h">
      <Filter>Header Files\main</Filter>
    </ClInclude>
    <ClInclude Include="expression.h">
      <Filter>Header Files\code\expr</Filter>
    </ClInclude>
    <ClInclude Include="binaryexpression.h">
      <Filter>Header Files\code\expr</Filter>
    </ClInclude>
    <ClInclude Include="unaryexpression.h">
      <Filter>Header Files\code\expr</Filter>
    </ClInclude>
    <ClInclude Include="expressiondataitem.h">
      <Filter>Header Files\code\expr</Filter>
    </ClInclude>
    <ClInclude Include="expressionconstitem.h">
      <Filter>Header Files\code\expr</Filter>
    </ClInclude>
  </ItemGroup>
</Project>